// !$*UTF8*$!
{
	archiveVersion = 1;
	classes = {
	};
	objectVersion = 46;
	objects = {

/* Begin PBXBuildFile section */
		2B1115661DE0B67E0015C9CA /* AppDelegate.swift in Sources */ = {isa = PBXBuildFile; fileRef = 2B1115651DE0B67E0015C9CA /* AppDelegate.swift */; };
		2B1115681DE0B67E0015C9CA /* ViewController.swift in Sources */ = {isa = PBXBuildFile; fileRef = 2B1115671DE0B67E0015C9CA /* ViewController.swift */; };
		2B11156B1DE0B67E0015C9CA /* Main.storyboard in Resources */ = {isa = PBXBuildFile; fileRef = 2B1115691DE0B67E0015C9CA /* Main.storyboard */; };
		2B11156E1DE0B67E0015C9CA /* FETAapp.xcdatamodeld in Sources */ = {isa = PBXBuildFile; fileRef = 2B11156C1DE0B67E0015C9CA /* FETAapp.xcdatamodeld */; };
		2B1115701DE0B67E0015C9CA /* Assets.xcassets in Resources */ = {isa = PBXBuildFile; fileRef = 2B11156F1DE0B67E0015C9CA /* Assets.xcassets */; };
		2B1115731DE0B67E0015C9CA /* LaunchScreen.storyboard in Resources */ = {isa = PBXBuildFile; fileRef = 2B1115711DE0B67E0015C9CA /* LaunchScreen.storyboard */; };
		2B11157E1DE0B67E0015C9CA /* FETAappTests.swift in Sources */ = {isa = PBXBuildFile; fileRef = 2B11157D1DE0B67E0015C9CA /* FETAappTests.swift */; };
		2B1115891DE0B67E0015C9CA /* FETAappUITests.swift in Sources */ = {isa = PBXBuildFile; fileRef = 2B1115881DE0B67E0015C9CA /* FETAappUITests.swift */; };
/* End PBXBuildFile section */

/* Begin PBXContainerItemProxy section */
		2B11157A1DE0B67E0015C9CA /* PBXContainerItemProxy */ = {
			isa = PBXContainerItemProxy;
			containerPortal = 2B11155A1DE0B67E0015C9CA /* Project object */;
			proxyType = 1;
			remoteGlobalIDString = 2B1115611DE0B67E0015C9CA;
			remoteInfo = FETAapp;
		};
		2B1115851DE0B67E0015C9CA /* PBXContainerItemProxy */ = {
			isa = PBXContainerItemProxy;
			containerPortal = 2B11155A1DE0B67E0015C9CA /* Project object */;
			proxyType = 1;
			remoteGlobalIDString = 2B1115611DE0B67E0015C9CA;
			remoteInfo = FETAapp;
		};
/* End PBXContainerItemProxy section */

/* Begin PBXFileReference section */
		2B1115621DE0B67E0015C9CA /* FETAapp.app */ = {isa = PBXFileReference; explicitFileType = wrapper.application; includeInIndex = 0; path = FETAapp.app; sourceTree = BUILT_PRODUCTS_DIR; };
		2B1115651DE0B67E0015C9CA /* AppDelegate.swift */ = {isa = PBXFileReference; lastKnownFileType = sourcecode.swift; path = AppDelegate.swift; sourceTree = "<group>"; };
		2B1115671DE0B67E0015C9CA /* ViewController.swift */ = {isa = PBXFileReference; lastKnownFileType = sourcecode.swift; path = ViewController.swift; sourceTree = "<group>"; };
		2B11156A1DE0B67E0015C9CA /* Base */ = {isa = PBXFileReference; lastKnownFileType = file.storyboard; name = Base; path = Base.lproj/Main.storyboard; sourceTree = "<group>"; };
		2B11156D1DE0B67E0015C9CA /* FETAapp.xcdatamodel */ = {isa = PBXFileReference; lastKnownFileType = wrapper.xcdatamodel; path = FETAapp.xcdatamodel; sourceTree = "<group>"; };
		2B11156F1DE0B67E0015C9CA /* Assets.xcassets */ = {isa = PBXFileReference; lastKnownFileType = folder.assetcatalog; path = Assets.xcassets; sourceTree = "<group>"; };
		2B1115721DE0B67E0015C9CA /* Base */ = {isa = PBXFileReference; lastKnownFileType = file.storyboard; name = Base; path = Base.lproj/LaunchScreen.storyboard; sourceTree = "<group>"; };
		2B1115741DE0B67E0015C9CA /* Info.plist */ = {isa = PBXFileReference; lastKnownFileType = text.plist.xml; path = Info.plist; sourceTree = "<group>"; };
		2B1115791DE0B67E0015C9CA /* FETAappTests.xctest */ = {isa = PBXFileReference; explicitFileType = wrapper.cfbundle; includeInIndex = 0; path = FETAappTests.xctest; sourceTree = BUILT_PRODUCTS_DIR; };
		2B11157D1DE0B67E0015C9CA /* FETAappTests.swift */ = {isa = PBXFileReference; lastKnownFileType = sourcecode.swift; path = FETAappTests.swift; sourceTree = "<group>"; };
		2B11157F1DE0B67E0015C9CA /* Info.plist */ = {isa = PBXFileReference; lastKnownFileType = text.plist.xml; path = Info.plist; sourceTree = "<group>"; };
		2B1115841DE0B67E0015C9CA /* FETAappUITests.xctest */ = {isa = PBXFileReference; explicitFileType = wrapper.cfbundle; includeInIndex = 0; path = FETAappUITests.xctest; sourceTree = BUILT_PRODUCTS_DIR; };
		2B1115881DE0B67E0015C9CA /* FETAappUITests.swift */ = {isa = PBXFileReference; lastKnownFileType = sourcecode.swift; path = FETAappUITests.swift; sourceTree = "<group>"; };
		2B11158A1DE0B67E0015C9CA /* Info.plist */ = {isa = PBXFileReference; lastKnownFileType = text.plist.xml; path = Info.plist; sourceTree = "<group>"; };
/* End PBXFileReference section */

/* Begin PBXFrameworksBuildPhase section */
		2B11155F1DE0B67E0015C9CA /* Frameworks */ = {
			isa = PBXFrameworksBuildPhase;
			buildActionMask = 2147483647;
			files = (
			);
			runOnlyForDeploymentPostprocessing = 0;
		};
		2B1115761DE0B67E0015C9CA /* Frameworks */ = {
			isa = PBXFrameworksBuildPhase;
			buildActionMask = 2147483647;
			files = (
			);
			runOnlyForDeploymentPostprocessing = 0;
		};
		2B1115811DE0B67E0015C9CA /* Frameworks */ = {
			isa = PBXFrameworksBuildPhase;
			buildActionMask = 2147483647;
			files = (
			);
			runOnlyForDeploymentPostprocessing = 0;
		};
/* End PBXFrameworksBuildPhase section */

/* Begin PBXGroup section */
		2B1115591DE0B67E0015C9CA = {
			isa = PBXGroup;
			children = (
				2B1115641DE0B67E0015C9CA /* FETAapp */,
				2B11157C1DE0B67E0015C9CA /* FETAappTests */,
				2B1115871DE0B67E0015C9CA /* FETAappUITests */,
				2B1115631DE0B67E0015C9CA /* Products */,
			);
			sourceTree = "<group>";
		};
		2B1115631DE0B67E0015C9CA /* Products */ = {
			isa = PBXGroup;
			children = (
				2B1115621DE0B67E0015C9CA /* FETAapp.app */,
				2B1115791DE0B67E0015C9CA /* FETAappTests.xctest */,
				2B1115841DE0B67E0015C9CA /* FETAappUITests.xctest */,
			);
			name = Products;
			sourceTree = "<group>";
		};
		2B1115641DE0B67E0015C9CA /* FETAapp */ = {
			isa = PBXGroup;
			children = (
				2B1115651DE0B67E0015C9CA /* AppDelegate.swift */,
				2B1115671DE0B67E0015C9CA /* ViewController.swift */,
				2B1115691DE0B67E0015C9CA /* Main.storyboard */,
				2B11156F1DE0B67E0015C9CA /* Assets.xcassets */,
				2B1115711DE0B67E0015C9CA /* LaunchScreen.storyboard */,
				2B1115741DE0B67E0015C9CA /* Info.plist */,
				2B11156C1DE0B67E0015C9CA /* FETAapp.xcdatamodeld */,
			);
			path = FETAapp;
			sourceTree = "<group>";
		};
		2B11157C1DE0B67E0015C9CA /* FETAappTests */ = {
			isa = PBXGroup;
			children = (
				2B11157D1DE0B67E0015C9CA /* FETAappTests.swift */,
				2B11157F1DE0B67E0015C9CA /* Info.plist */,
			);
			path = FETAappTests;
			sourceTree = "<group>";
		};
		2B1115871DE0B67E0015C9CA /* FETAappUITests */ = {
			isa = PBXGroup;
			children = (
				2B1115881DE0B67E0015C9CA /* FETAappUITests.swift */,
				2B11158A1DE0B67E0015C9CA /* Info.plist */,
			);
			path = FETAappUITests;
			sourceTree = "<group>";
		};
/* End PBXGroup section */

/* Begin PBXNativeTarget section */
		2B1115611DE0B67E0015C9CA /* FETAapp */ = {
			isa = PBXNativeTarget;
			buildConfigurationList = 2B11158D1DE0B67E0015C9CA /* Build configuration list for PBXNativeTarget "FETAapp" */;
			buildPhases = (
				2B11155E1DE0B67E0015C9CA /* Sources */,
				2B11155F1DE0B67E0015C9CA /* Frameworks */,
				2B1115601DE0B67E0015C9CA /* Resources */,
			);
			buildRules = (
			);
			dependencies = (
			);
			name = FETAapp;
			productName = FETAapp;
			productReference = 2B1115621DE0B67E0015C9CA /* FETAapp.app */;
			productType = "com.apple.product-type.application";
		};
		2B1115781DE0B67E0015C9CA /* FETAappTests */ = {
			isa = PBXNativeTarget;
			buildConfigurationList = 2B1115901DE0B67E0015C9CA /* Build configuration list for PBXNativeTarget "FETAappTests" */;
			buildPhases = (
				2B1115751DE0B67E0015C9CA /* Sources */,
				2B1115761DE0B67E0015C9CA /* Frameworks */,
				2B1115771DE0B67E0015C9CA /* Resources */,
			);
			buildRules = (
			);
			dependencies = (
				2B11157B1DE0B67E0015C9CA /* PBXTargetDependency */,
			);
			name = FETAappTests;
			productName = FETAappTests;
			productReference = 2B1115791DE0B67E0015C9CA /* FETAappTests.xctest */;
			productType = "com.apple.product-type.bundle.unit-test";
		};
		2B1115831DE0B67E0015C9CA /* FETAappUITests */ = {
			isa = PBXNativeTarget;
			buildConfigurationList = 2B1115931DE0B67E0015C9CA /* Build configuration list for PBXNativeTarget "FETAappUITests" */;
			buildPhases = (
				2B1115801DE0B67E0015C9CA /* Sources */,
				2B1115811DE0B67E0015C9CA /* Frameworks */,
				2B1115821DE0B67E0015C9CA /* Resources */,
			);
			buildRules = (
			);
			dependencies = (
				2B1115861DE0B67E0015C9CA /* PBXTargetDependency */,
			);
			name = FETAappUITests;
			productName = FETAappUITests;
			productReference = 2B1115841DE0B67E0015C9CA /* FETAappUITests.xctest */;
			productType = "com.apple.product-type.bundle.ui-testing";
		};
/* End PBXNativeTarget section */

/* Begin PBXProject section */
		2B11155A1DE0B67E0015C9CA /* Project object */ = {
			isa = PBXProject;
			attributes = {
				LastSwiftUpdateCheck = 0800;
				LastUpgradeCheck = 0800;
				ORGANIZATIONNAME = "Tomasz Twardowski";
				TargetAttributes = {
					2B1115611DE0B67E0015C9CA = {
						CreatedOnToolsVersion = 8.0;
						ProvisioningStyle = Automatic;
					};
					2B1115781DE0B67E0015C9CA = {
						CreatedOnToolsVersion = 8.0;
						ProvisioningStyle = Automatic;
						TestTargetID = 2B1115611DE0B67E0015C9CA;
					};
					2B1115831DE0B67E0015C9CA = {
						CreatedOnToolsVersion = 8.0;
						ProvisioningStyle = Automatic;
						TestTargetID = 2B1115611DE0B67E0015C9CA;
					};
				};
			};
			buildConfigurationList = 2B11155D1DE0B67E0015C9CA /* Build configuration list for PBXProject "FETAapp" */;
			compatibilityVersion = "Xcode 3.2";
			developmentRegion = English;
			hasScannedForEncodings = 0;
			knownRegions = (
				en,
				Base,
			);
			mainGroup = 2B1115591DE0B67E0015C9CA;
			productRefGroup = 2B1115631DE0B67E0015C9CA /* Products */;
			projectDirPath = "";
			projectRoot = "";
			targets = (
				2B1115611DE0B67E0015C9CA /* FETAapp */,
				2B1115781DE0B67E0015C9CA /* FETAappTests */,
				2B1115831DE0B67E0015C9CA /* FETAappUITests */,
			);
		};
/* End PBXProject section */

/* Begin PBXResourcesBuildPhase section */
		2B1115601DE0B67E0015C9CA /* Resources */ = {
			isa = PBXResourcesBuildPhase;
			buildActionMask = 2147483647;
			files = (
				2B1115731DE0B67E0015C9CA /* LaunchScreen.storyboard in Resources */,
				2B1115701DE0B67E0015C9CA /* Assets.xcassets in Resources */,
				2B11156B1DE0B67E0015C9CA /* Main.storyboard in Resources */,
			);
			runOnlyForDeploymentPostprocessing = 0;
		};
		2B1115771DE0B67E0015C9CA /* Resources */ = {
			isa = PBXResourcesBuildPhase;
			buildActionMask = 2147483647;
			files = (
			);
			runOnlyForDeploymentPostprocessing = 0;
		};
		2B1115821DE0B67E0015C9CA /* Resources */ = {
			isa = PBXResourcesBuildPhase;
			buildActionMask = 2147483647;
			files = (
			);
			runOnlyForDeploymentPostprocessing = 0;
		};
/* End PBXResourcesBuildPhase section */

/* Begin PBXSourcesBuildPhase section */
		2B11155E1DE0B67E0015C9CA /* Sources */ = {
			isa = PBXSourcesBuildPhase;
			buildActionMask = 2147483647;
			files = (
				2B11156E1DE0B67E0015C9CA /* FETAapp.xcdatamodeld in Sources */,
				2B1115681DE0B67E0015C9CA /* ViewController.swift in Sources */,
				2B1115661DE0B67E0015C9CA /* AppDelegate.swift in Sources */,
			);
			runOnlyForDeploymentPostprocessing = 0;
		};
		2B1115751DE0B67E0015C9CA /* Sources */ = {
			isa = PBXSourcesBuildPhase;
			buildActionMask = 2147483647;
			files = (
				2B11157E1DE0B67E0015C9CA /* FETAappTests.swift in Sources */,
			);
			runOnlyForDeploymentPostprocessing = 0;
		};
		2B1115801DE0B67E0015C9CA /* Sources */ = {
			isa = PBXSourcesBuildPhase;
			buildActionMask = 2147483647;
			files = (
				2B1115891DE0B67E0015C9CA /* FETAappUITests.swift in Sources */,
			);
			runOnlyForDeploymentPostprocessing = 0;
		};
/* End PBXSourcesBuildPhase section */

/* Begin PBXTargetDependency section */
		2B11157B1DE0B67E0015C9CA /* PBXTargetDependency */ = {
			isa = PBXTargetDependency;
			target = 2B1115611DE0B67E0015C9CA /* FETAapp */;
			targetProxy = 2B11157A1DE0B67E0015C9CA /* PBXContainerItemProxy */;
		};
		2B1115861DE0B67E0015C9CA /* PBXTargetDependency */ = {
			isa = PBXTargetDependency;
			target = 2B1115611DE0B67E0015C9CA /* FETAapp */;
			targetProxy = 2B1115851DE0B67E0015C9CA /* PBXContainerItemProxy */;
		};
/* End PBXTargetDependency section */

/* Begin PBXVariantGroup section */
		2B1115691DE0B67E0015C9CA /* Main.storyboard */ = {
			isa = PBXVariantGroup;
			children = (
				2B11156A1DE0B67E0015C9CA /* Base */,
			);
			name = Main.storyboard;
			sourceTree = "<group>";
		};
		2B1115711DE0B67E0015C9CA /* LaunchScreen.storyboard */ = {
			isa = PBXVariantGroup;
			children = (
				2B1115721DE0B67E0015C9CA /* Base */,
			);
			name = LaunchScreen.storyboard;
			sourceTree = "<group>";
		};
/* End PBXVariantGroup section */

/* Begin XCBuildConfiguration section */
		2B11158B1DE0B67E0015C9CA /* Debug */ = {
			isa = XCBuildConfiguration;
			buildSettings = {
				ALWAYS_SEARCH_USER_PATHS = NO;
				CLANG_ANALYZER_NONNULL = YES;
				CLANG_CXX_LANGUAGE_STANDARD = "gnu++0x";
				CLANG_CXX_LIBRARY = "libc++";
				CLANG_ENABLE_MODULES = YES;
				CLANG_ENABLE_OBJC_ARC = YES;
				CLANG_WARN_BOOL_CONVERSION = YES;
				CLANG_WARN_CONSTANT_CONVERSION = YES;
				CLANG_WARN_DIRECT_OBJC_ISA_USAGE = YES_ERROR;
				CLANG_WARN_DOCUMENTATION_COMMENTS = YES;
				CLANG_WARN_EMPTY_BODY = YES;
				CLANG_WARN_ENUM_CONVERSION = YES;
				CLANG_WARN_INFINITE_RECURSION = YES;
				CLANG_WARN_INT_CONVERSION = YES;
				CLANG_WARN_OBJC_ROOT_CLASS = YES_ERROR;
				CLANG_WARN_SUSPICIOUS_MOVES = YES;
				CLANG_WARN_UNREACHABLE_CODE = YES;
				CLANG_WARN__DUPLICATE_METHOD_MATCH = YES;
				"CODE_SIGN_IDENTITY[sdk=iphoneos*]" = "iPhone Developer";
				COPY_PHASE_STRIP = NO;
				DEBUG_INFORMATION_FORMAT = dwarf;
				ENABLE_STRICT_OBJC_MSGSEND = YES;
				ENABLE_TESTABILITY = YES;
				GCC_C_LANGUAGE_STANDARD = gnu99;
				GCC_DYNAMIC_NO_PIC = NO;
				GCC_NO_COMMON_BLOCKS = YES;
				GCC_OPTIMIZATION_LEVEL = 0;
				GCC_PREPROCESSOR_DEFINITIONS = (
					"DEBUG=1",
					"$(inherited)",
				);
				GCC_WARN_64_TO_32_BIT_CONVERSION = YES;
				GCC_WARN_ABOUT_RETURN_TYPE = YES_ERROR;
				GCC_WARN_UNDECLARED_SELECTOR = YES;
				GCC_WARN_UNINITIALIZED_AUTOS = YES_AGGRESSIVE;
				GCC_WARN_UNUSED_FUNCTION = YES;
				GCC_WARN_UNUSED_VARIABLE = YES;
				IPHONEOS_DEPLOYMENT_TARGET = 10.0;
				MTL_ENABLE_DEBUG_INFO = YES;
				ONLY_ACTIVE_ARCH = YES;
				SDKROOT = iphoneos;
				SWIFT_ACTIVE_COMPILATION_CONDITIONS = DEBUG;
				SWIFT_OPTIMIZATION_LEVEL = "-Onone";
			};
			name = Debug;
		};
		2B11158C1DE0B67E0015C9CA /* Release */ = {
			isa = XCBuildConfiguration;
			buildSettings = {
				ALWAYS_SEARCH_USER_PATHS = NO;
				CLANG_ANALYZER_NONNULL = YES;
				CLANG_CXX_LANGUAGE_STANDARD = "gnu++0x";
				CLANG_CXX_LIBRARY = "libc++";
				CLANG_ENABLE_MODULES = YES;
				CLANG_ENABLE_OBJC_ARC = YES;
				CLANG_WARN_BOOL_CONVERSION = YES;
				CLANG_WARN_CONSTANT_CONVERSION = YES;
				CLANG_WARN_DIRECT_OBJC_ISA_USAGE = YES_ERROR;
				CLANG_WARN_DOCUMENTATION_COMMENTS = YES;
				CLANG_WARN_EMPTY_BODY = YES;
				CLANG_WARN_ENUM_CONVERSION = YES;
				CLANG_WARN_INFINITE_RECURSION = YES;
				CLANG_WARN_INT_CONVERSION = YES;
				CLANG_WARN_OBJC_ROOT_CLASS = YES_ERROR;
				CLANG_WARN_SUSPICIOUS_MOVES = YES;
				CLANG_WARN_UNREACHABLE_CODE = YES;
				CLANG_WARN__DUPLICATE_METHOD_MATCH = YES;
				"CODE_SIGN_IDENTITY[sdk=iphoneos*]" = "iPhone Developer";
				COPY_PHASE_STRIP = NO;
				DEBUG_INFORMATION_FORMAT = "dwarf-with-dsym";
				ENABLE_NS_ASSERTIONS = NO;
				ENABLE_STRICT_OBJC_MSGSEND = YES;
				GCC_C_LANGUAGE_STANDARD = gnu99;
				GCC_NO_COMMON_BLOCKS = YES;
				GCC_WARN_64_TO_32_BIT_CONVERSION = YES;
				GCC_WARN_ABOUT_RETURN_TYPE = YES_ERROR;
				GCC_WARN_UNDECLARED_SELECTOR = YES;
				GCC_WARN_UNINITIALIZED_AUTOS = YES_AGGRESSIVE;
				GCC_WARN_UNUSED_FUNCTION = YES;
				GCC_WARN_UNUSED_VARIABLE = YES;
				IPHONEOS_DEPLOYMENT_TARGET = 10.0;
				MTL_ENABLE_DEBUG_INFO = NO;
				SDKROOT = iphoneos;
				SWIFT_OPTIMIZATION_LEVEL = "-Owholemodule";
				VALIDATE_PRODUCT = YES;
			};
			name = Release;
		};
		2B11158E1DE0B67E0015C9CA /* Debug */ = {
			isa = XCBuildConfiguration;
			buildSettings = {
				ASSETCATALOG_COMPILER_APPICON_NAME = AppIcon;
				INFOPLIST_FILE = FETAapp/Info.plist;
				LD_RUNPATH_SEARCH_PATHS = "$(inherited) @executable_path/Frameworks";
				PRODUCT_BUNDLE_IDENTIFIER = tom.io.FETAapp;
				PRODUCT_NAME = "$(TARGET_NAME)";
				SWIFT_VERSION = 3.0;
			};
			name = Debug;
		};
		2B11158F1DE0B67E0015C9CA /* Release */ = {
			isa = XCBuildConfiguration;
			buildSettings = {
				ASSETCATALOG_COMPILER_APPICON_NAME = AppIcon;
				INFOPLIST_FILE = FETAapp/Info.plist;
				LD_RUNPATH_SEARCH_PATHS = "$(inherited) @executable_path/Frameworks";
				PRODUCT_BUNDLE_IDENTIFIER = tom.io.FETAapp;
				PRODUCT_NAME = "$(TARGET_NAME)";
				SWIFT_VERSION = 3.0;
			};
			name = Release;
		};
		2B1115911DE0B67E0015C9CA /* Debug */ = {
			isa = XCBuildConfiguration;
			buildSettings = {
				ALWAYS_EMBED_SWIFT_STANDARD_LIBRARIES = YES;
				BUNDLE_LOADER = "$(TEST_HOST)";
				INFOPLIST_FILE = FETAappTests/Info.plist;
				LD_RUNPATH_SEARCH_PATHS = "$(inherited) @executable_path/Frameworks @loader_path/Frameworks";
				PRODUCT_BUNDLE_IDENTIFIER = tom.io.FETAappTests;
				PRODUCT_NAME = "$(TARGET_NAME)";
				SWIFT_VERSION = 3.0;
				TEST_HOST = "$(BUILT_PRODUCTS_DIR)/FETAapp.app/FETAapp";
			};
			name = Debug;
		};
		2B1115921DE0B67E0015C9CA /* Release */ = {
			isa = XCBuildConfiguration;
			buildSettings = {
				ALWAYS_EMBED_SWIFT_STANDARD_LIBRARIES = YES;
				BUNDLE_LOADER = "$(TEST_HOST)";
				INFOPLIST_FILE = FETAappTests/Info.plist;
				LD_RUNPATH_SEARCH_PATHS = "$(inherited) @executable_path/Frameworks @loader_path/Frameworks";
				PRODUCT_BUNDLE_IDENTIFIER = tom.io.FETAappTests;
				PRODUCT_NAME = "$(TARGET_NAME)";
				SWIFT_VERSION = 3.0;
				TEST_HOST = "$(BUILT_PRODUCTS_DIR)/FETAapp.app/FETAapp";
			};
			name = Release;
		};
		2B1115941DE0B67E0015C9CA /* Debug */ = {
			isa = XCBuildConfiguration;
			buildSettings = {
				ALWAYS_EMBED_SWIFT_STANDARD_LIBRARIES = YES;
				INFOPLIST_FILE = FETAappUITests/Info.plist;
				LD_RUNPATH_SEARCH_PATHS = "$(inherited) @executable_path/Frameworks @loader_path/Frameworks";
				PRODUCT_BUNDLE_IDENTIFIER = tom.io.FETAappUITests;
				PRODUCT_NAME = "$(TARGET_NAME)";
				SWIFT_VERSION = 3.0;
				TEST_TARGET_NAME = FETAapp;
			};
			name = Debug;
		};
		2B1115951DE0B67E0015C9CA /* Release */ = {
			isa = XCBuildConfiguration;
			buildSettings = {
				ALWAYS_EMBED_SWIFT_STANDARD_LIBRARIES = YES;
				INFOPLIST_FILE = FETAappUITests/Info.plist;
				LD_RUNPATH_SEARCH_PATHS = "$(inherited) @executable_path/Frameworks @loader_path/Frameworks";
				PRODUCT_BUNDLE_IDENTIFIER = tom.io.FETAappUITests;
				PRODUCT_NAME = "$(TARGET_NAME)";
				SWIFT_VERSION = 3.0;
				TEST_TARGET_NAME = FETAapp;
			};
			name = Release;
		};
/* End XCBuildConfiguration section */

/* Begin XCConfigurationList section */
		2B11155D1DE0B67E0015C9CA /* Build configuration list for PBXProject "FETAapp" */ = {
			isa = XCConfigurationList;
			buildConfigurations = (
				2B11158B1DE0B67E0015C9CA /* Debug */,
				2B11158C1DE0B67E0015C9CA /* Release */,
			);
			defaultConfigurationIsVisible = 0;
			defaultConfigurationName = Release;
		};
		2B11158D1DE0B67E0015C9CA /* Build configuration list for PBXNativeTarget "FETAapp" */ = {
			isa = XCConfigurationList;
			buildConfigurations = (
				2B11158E1DE0B67E0015C9CA /* Debug */,
				2B11158F1DE0B67E0015C9CA /* Release */,
			);
			defaultConfigurationIsVisible = 0;
		};
		2B1115901DE0B67E0015C9CA /* Build configuration list for PBXNativeTarget "FETAappTests" */ = {
			isa = XCConfigurationList;
			buildConfigurations = (
				2B1115911DE0B67E0015C9CA /* Debug */,
				2B1115921DE0B67E0015C9CA /* Release */,
			);
			defaultConfigurationIsVisible = 0;
		};
		2B1115931DE0B67E0015C9CA /* Build configuration list for PBXNativeTarget "FETAappUITests" */ = {
			isa = XCConfigurationList;
			buildConfigurations = (
				2B1115941DE0B67E0015C9CA /* Debug */,
				2B1115951DE0B67E0015C9CA /* Release */,
			);
			defaultConfigurationIsVisible = 0;
		};
/* End XCConfigurationList section */

/* Begin XCVersionGroup section */
		2B11156C1DE0B67E0015C9CA /* FETAapp.xcdatamodeld */ = {
			isa = XCVersionGroup;
			children = (
				2B11156D1DE0B67E0015C9CA /* FETAapp.xcdatamodel */,
			);
			currentVersion = 2B11156D1DE0B67E0015C9CA /* FETAapp.xcdatamodel */;
			path = FETAapp.xcdatamodeld;
			sourceTree = "<group>";
			versionGroupType = wrapper.xcdatamodel;
		};
/* End XCVersionGroup section */
	};
	rootObject = 2B11155A1DE0B67E0015C9CA /* Project object */;
}
